
Microsoft Visual Studio Solution File, Format Version 12.00
# Visual Studio Version 17
VisualStudioVersion = 17.1.32407.343
MinimumVisualStudioVersion = 10.0.40219.1
Project("{FAE04EC0-301F-11D3-BF4B-00C04F79EFBC}") = "CalculoIMC", "CalculoIMC\CalculoIMC.csproj", "{FD1C6E9E-68D7-43EC-9AAA-910B04CE1FA9}"
EndProject
Global
	GlobalSection(SolutionConfigurationPlatforms) = preSolution
		Debug|Any CPU = Debug|Any CPU
		Release|Any CPU = Release|Any CPU
	EndGlobalSection
	GlobalSection(ProjectConfigurationPlatforms) = postSolution
		{FD1C6E9E-68D7-43EC-9AAA-910B04CE1FA9}.Debug|Any CPU.ActiveCfg = Debug|Any CPU
		{FD1C6E9E-68D7-43EC-9AAA-910B04CE1FA9}.Debug|Any CPU.Build.0 = Debug|Any CPU
		{FD1C6E9E-68D7-43EC-9AAA-910B04CE1FA9}.Release|Any CPU.ActiveCfg = Release|Any CPU
		{FD1C6E9E-68D7-43EC-9AAA-910B04CE1FA9}.Release|Any CPU.Build.0 = Release|Any CPU
	EndGlobalSection
	GlobalSection(SolutionProperties) = preSolution
		HideSolutionNode = FALSE
	EndGlobalSection
	GlobalSection(ExtensibilityGlobals) = postSolution
		SolutionGuid = {27305BCB-0DFA-4709-8754-12D2BFA4D3AB}
	EndGlobalSection
EndGlobal
